dependencies:
- name: influxdb
  repository: https://charts.bitnami.com/bitnami
  version: 2.6.1
- name: mongodb
  repository: https://charts.bitnami.com/bitnami
  version: 13.1.7
- name: rabbitmq
  repository: https://charts.bitnami.com/bitnami
  version: 11.1.5
digest: sha256:f201471398123e609cf79785947cd546e074d564fad227b8496a15103a7f7eaf
generated: "2022-12-05T10:53:41.546298+01:00"
