dependencies:
- name: influxdb
  repository: https://charts.bitnami.com/bitnami
  version: 5.6.1
- name: rabbitmq
  repository: https://charts.bitnami.com/bitnami
  version: 11.1.5
- name: redis
  repository: https://charts.bitnami.com/bitnami
  version: 17.4.0
- name: postgresql
  repository: https://charts.bitnami.com/bitnami
  version: 12.2.1
digest: sha256:14b9fb4c63e3cd460cfb16ac1c656eda6e766e62c2bbfa14de4256a6949e0dbb
generated: "2023-06-13T15:47:52.067074+02:00"
