dependencies:
- name: influxdb
  repository: https://charts.bitnami.com/bitnami
  version: 5.4.13
- name: rabbitmq
  repository: https://charts.bitnami.com/bitnami
  version: 11.1.5
- name: mysql
  repository: https://charts.bitnami.com/bitnami
  version: 9.4.5
- name: redis
  repository: https://charts.bitnami.com/bitnami
  version: 17.4.0
digest: sha256:0199e5b53ed48e5124ea5cad6163dfc02966164e2ebfe9ff8078a6b417ca9521
generated: "2023-01-16T11:41:11.716994+01:00"
